
Microsoft Visual Studio Solution File, Format Version 12.00
# Visual Studio Version 17
VisualStudioVersion = 17.2.32630.192
MinimumVisualStudioVersion = 10.0.40219.1
Project("{FAE04EC0-301F-11D3-BF4B-00C04F79EFBC}") = "assignment1", "assignment1\assignment1.csproj", "{538C0D95-D224-44D0-A2BF-ACECECAF5D62}"
EndProject
Global
	GlobalSection(SolutionConfigurationPlatforms) = preSolution
		Debug|Any CPU = Debug|Any CPU
		Release|Any CPU = Release|Any CPU
	EndGlobalSection
	GlobalSection(ProjectConfigurationPlatforms) = postSolution
		{538C0D95-D224-44D0-A2BF-ACECECAF5D62}.Debug|Any CPU.ActiveCfg = Debug|Any CPU
		{538C0D95-D224-44D0-A2BF-ACECECAF5D62}.Debug|Any CPU.Build.0 = Debug|Any CPU
		{538C0D95-D224-44D0-A2BF-ACECECAF5D62}.Release|Any CPU.ActiveCfg = Release|Any CPU
		{538C0D95-D224-44D0-A2BF-ACECECAF5D62}.Release|Any CPU.Build.0 = Release|Any CPU
	EndGlobalSection
	GlobalSection(SolutionProperties) = preSolution
		HideSolutionNode = FALSE
	EndGlobalSection
	GlobalSection(ExtensibilityGlobals) = postSolution
		SolutionGuid = {B35B6FB3-B9CC-4987-851C-9B536DCC8D84}
	EndGlobalSection
EndGlobal
