
Microsoft Visual Studio Solution File, Format Version 12.00
# Visual Studio Version 17
VisualStudioVersion = 17.2.32630.192
MinimumVisualStudioVersion = 10.0.40219.1
Project("{FAE04EC0-301F-11D3-BF4B-00C04F79EFBC}") = "asp1", "asp1\asp1.csproj", "{BFC7820C-378D-4ADF-A569-708177805DA2}"
EndProject
Global
	GlobalSection(SolutionConfigurationPlatforms) = preSolution
		Debug|Any CPU = Debug|Any CPU
		Release|Any CPU = Release|Any CPU
	EndGlobalSection
	GlobalSection(ProjectConfigurationPlatforms) = postSolution
		{BFC7820C-378D-4ADF-A569-708177805DA2}.Debug|Any CPU.ActiveCfg = Debug|Any CPU
		{BFC7820C-378D-4ADF-A569-708177805DA2}.Debug|Any CPU.Build.0 = Debug|Any CPU
		{BFC7820C-378D-4ADF-A569-708177805DA2}.Release|Any CPU.ActiveCfg = Release|Any CPU
		{BFC7820C-378D-4ADF-A569-708177805DA2}.Release|Any CPU.Build.0 = Release|Any CPU
	EndGlobalSection
	GlobalSection(SolutionProperties) = preSolution
		HideSolutionNode = FALSE
	EndGlobalSection
	GlobalSection(ExtensibilityGlobals) = postSolution
		SolutionGuid = {2A3CD312-9C3D-475C-91BC-F9914CA11B9E}
	EndGlobalSection
EndGlobal
